
Microsoft Visual Studio Solution File, Format Version 12.00
# Visual Studio Version 17
VisualStudioVersion = 17.0.31903.59
MinimumVisualStudioVersion = 10.0.40219.1
Project("{2150E333-8FDC-42A3-9474-1A3956D46DE8}") = "src", "src", "{827E0CD3-B72D-47B6-A68D-7590B98EB39B}"
EndProject
Project("{FAE04EC0-301F-11D3-BF4B-00C04F79EFBC}") = "WifiGPSGate.Core", "src\WifiGPSGate.Core\WifiGPSGate.Core.csproj", "{D3EE9FFC-8DB2-40F4-A7B9-1BCD3F66482F}"
EndProject
Project("{FAE04EC0-301F-11D3-BF4B-00C04F79EFBC}") = "WifiGPSGate.IO", "src\WifiGPSGate.IO\WifiGPSGate.IO.csproj", "{F7BC96AE-2125-4FB5-A147-5B1BAAB782FD}"
EndProject
Project("{FAE04EC0-301F-11D3-BF4B-00C04F79EFBC}") = "WifiGPSGate.App", "src\WifiGPSGate.App\WifiGPSGate.App.csproj", "{2658058D-54D0-4D0B-B854-D276D1BF8621}"
EndProject
Project("{FAE04EC0-301F-11D3-BF4B-00C04F79EFBC}") = "WifiGPSGate.Tests", "src\WifiGPSGate.Tests\WifiGPSGate.Tests.csproj", "{59869AE3-79F8-42AD-9FA0-EBF9BED3CAE8}"
EndProject
Project("{FAE04EC0-301F-11D3-BF4B-00C04F79EFBC}") = "NmeaSimulator", "tools\NmeaSimulator\NmeaSimulator.csproj", "{64E4C8BD-20EF-4113-B8E0-D7654C770757}"
EndProject
Global
	GlobalSection(SolutionConfigurationPlatforms) = preSolution
		Debug|Any CPU = Debug|Any CPU
		Debug|x64 = Debug|x64
		Debug|x86 = Debug|x86
		Release|Any CPU = Release|Any CPU
		Release|x64 = Release|x64
		Release|x86 = Release|x86
	EndGlobalSection
	GlobalSection(ProjectConfigurationPlatforms) = postSolution
		{D3EE9FFC-8DB2-40F4-A7B9-1BCD3F66482F}.Debug|Any CPU.ActiveCfg = Debug|Any CPU
		{D3EE9FFC-8DB2-40F4-A7B9-1BCD3F66482F}.Debug|Any CPU.Build.0 = Debug|Any CPU
		{D3EE9FFC-8DB2-40F4-A7B9-1BCD3F66482F}.Debug|x64.ActiveCfg = Debug|Any CPU
		{D3EE9FFC-8DB2-40F4-A7B9-1BCD3F66482F}.Debug|x64.Build.0 = Debug|Any CPU
		{D3EE9FFC-8DB2-40F4-A7B9-1BCD3F66482F}.Debug|x86.ActiveCfg = Debug|Any CPU
		{D3EE9FFC-8DB2-40F4-A7B9-1BCD3F66482F}.Debug|x86.Build.0 = Debug|Any CPU
		{D3EE9FFC-8DB2-40F4-A7B9-1BCD3F66482F}.Release|Any CPU.ActiveCfg = Release|Any CPU
		{D3EE9FFC-8DB2-40F4-A7B9-1BCD3F66482F}.Release|Any CPU.Build.0 = Release|Any CPU
		{D3EE9FFC-8DB2-40F4-A7B9-1BCD3F66482F}.Release|x64.ActiveCfg = Release|Any CPU
		{D3EE9FFC-8DB2-40F4-A7B9-1BCD3F66482F}.Release|x64.Build.0 = Release|Any CPU
		{D3EE9FFC-8DB2-40F4-A7B9-1BCD3F66482F}.Release|x86.ActiveCfg = Release|Any CPU
		{D3EE9FFC-8DB2-40F4-A7B9-1BCD3F66482F}.Release|x86.Build.0 = Release|Any CPU
		{F7BC96AE-2125-4FB5-A147-5B1BAAB782FD}.Debug|Any CPU.ActiveCfg = Debug|Any CPU
		{F7BC96AE-2125-4FB5-A147-5B1BAAB782FD}.Debug|Any CPU.Build.0 = Debug|Any CPU
		{F7BC96AE-2125-4FB5-A147-5B1BAAB782FD}.Debug|x64.ActiveCfg = Debug|Any CPU
		{F7BC96AE-2125-4FB5-A147-5B1BAAB782FD}.Debug|x64.Build.0 = Debug|Any CPU
		{F7BC96AE-2125-4FB5-A147-5B1BAAB782FD}.Debug|x86.ActiveCfg = Debug|Any CPU
		{F7BC96AE-2125-4FB5-A147-5B1BAAB782FD}.Debug|x86.Build.0 = Debug|Any CPU
		{F7BC96AE-2125-4FB5-A147-5B1BAAB782FD}.Release|Any CPU.ActiveCfg = Release|Any CPU
		{F7BC96AE-2125-4FB5-A147-5B1BAAB782FD}.Release|Any CPU.Build.0 = Release|Any CPU
		{F7BC96AE-2125-4FB5-A147-5B1BAAB782FD}.Release|x64.ActiveCfg = Release|Any CPU
		{F7BC96AE-2125-4FB5-A147-5B1BAAB782FD}.Release|x64.Build.0 = Release|Any CPU
		{F7BC96AE-2125-4FB5-A147-5B1BAAB782FD}.Release|x86.ActiveCfg = Release|Any CPU
		{F7BC96AE-2125-4FB5-A147-5B1BAAB782FD}.Release|x86.Build.0 = Release|Any CPU
		{2658058D-54D0-4D0B-B854-D276D1BF8621}.Debug|Any CPU.ActiveCfg = Debug|Any CPU
		{2658058D-54D0-4D0B-B854-D276D1BF8621}.Debug|Any CPU.Build.0 = Debug|Any CPU
		{2658058D-54D0-4D0B-B854-D276D1BF8621}.Debug|x64.ActiveCfg = Debug|Any CPU
		{2658058D-54D0-4D0B-B854-D276D1BF8621}.Debug|x64.Build.0 = Debug|Any CPU
		{2658058D-54D0-4D0B-B854-D276D1BF8621}.Debug|x86.ActiveCfg = Debug|Any CPU
		{2658058D-54D0-4D0B-B854-D276D1BF8621}.Debug|x86.Build.0 = Debug|Any CPU
		{2658058D-54D0-4D0B-B854-D276D1BF8621}.Release|Any CPU.ActiveCfg = Release|Any CPU
		{2658058D-54D0-4D0B-B854-D276D1BF8621}.Release|Any CPU.Build.0 = Release|Any CPU
		{2658058D-54D0-4D0B-B854-D276D1BF8621}.Release|x64.ActiveCfg = Release|Any CPU
		{2658058D-54D0-4D0B-B854-D276D1BF8621}.Release|x64.Build.0 = Release|Any CPU
		{2658058D-54D0-4D0B-B854-D276D1BF8621}.Release|x86.ActiveCfg = Release|Any CPU
		{2658058D-54D0-4D0B-B854-D276D1BF8621}.Release|x86.Build.0 = Release|Any CPU
		{59869AE3-79F8-42AD-9FA0-EBF9BED3CAE8}.Debug|Any CPU.ActiveCfg = Debug|Any CPU
		{59869AE3-79F8-42AD-9FA0-EBF9BED3CAE8}.Debug|Any CPU.Build.0 = Debug|Any CPU
		{59869AE3-79F8-42AD-9FA0-EBF9BED3CAE8}.Debug|x64.ActiveCfg = Debug|Any CPU
		{59869AE3-79F8-42AD-9FA0-EBF9BED3CAE8}.Debug|x64.Build.0 = Debug|Any CPU
		{59869AE3-79F8-42AD-9FA0-EBF9BED3CAE8}.Debug|x86.ActiveCfg = Debug|Any CPU
		{59869AE3-79F8-42AD-9FA0-EBF9BED3CAE8}.Debug|x86.Build.0 = Debug|Any CPU
		{59869AE3-79F8-42AD-9FA0-EBF9BED3CAE8}.Release|Any CPU.ActiveCfg = Release|Any CPU
		{59869AE3-79F8-42AD-9FA0-EBF9BED3CAE8}.Release|Any CPU.Build.0 = Release|Any CPU
		{59869AE3-79F8-42AD-9FA0-EBF9BED3CAE8}.Release|x64.ActiveCfg = Release|Any CPU
		{59869AE3-79F8-42AD-9FA0-EBF9BED3CAE8}.Release|x64.Build.0 = Release|Any CPU
		{59869AE3-79F8-42AD-9FA0-EBF9BED3CAE8}.Release|x86.ActiveCfg = Release|Any CPU
		{59869AE3-79F8-42AD-9FA0-EBF9BED3CAE8}.Release|x86.Build.0 = Release|Any CPU
		{64E4C8BD-20EF-4113-B8E0-D7654C770757}.Debug|Any CPU.ActiveCfg = Debug|Any CPU
		{64E4C8BD-20EF-4113-B8E0-D7654C770757}.Debug|Any CPU.Build.0 = Debug|Any CPU
		{64E4C8BD-20EF-4113-B8E0-D7654C770757}.Debug|x64.ActiveCfg = Debug|Any CPU
		{64E4C8BD-20EF-4113-B8E0-D7654C770757}.Debug|x64.Build.0 = Debug|Any CPU
		{64E4C8BD-20EF-4113-B8E0-D7654C770757}.Debug|x86.ActiveCfg = Debug|Any CPU
		{64E4C8BD-20EF-4113-B8E0-D7654C770757}.Debug|x86.Build.0 = Debug|Any CPU
		{64E4C8BD-20EF-4113-B8E0-D7654C770757}.Release|Any CPU.ActiveCfg = Release|Any CPU
		{64E4C8BD-20EF-4113-B8E0-D7654C770757}.Release|Any CPU.Build.0 = Release|Any CPU
		{64E4C8BD-20EF-4113-B8E0-D7654C770757}.Release|x64.ActiveCfg = Release|Any CPU
		{64E4C8BD-20EF-4113-B8E0-D7654C770757}.Release|x64.Build.0 = Release|Any CPU
		{64E4C8BD-20EF-4113-B8E0-D7654C770757}.Release|x86.ActiveCfg = Release|Any CPU
		{64E4C8BD-20EF-4113-B8E0-D7654C770757}.Release|x86.Build.0 = Release|Any CPU
	EndGlobalSection
	GlobalSection(SolutionProperties) = preSolution
		HideSolutionNode = FALSE
	EndGlobalSection
	GlobalSection(NestedProjects) = preSolution
		{D3EE9FFC-8DB2-40F4-A7B9-1BCD3F66482F} = {827E0CD3-B72D-47B6-A68D-7590B98EB39B}
		{F7BC96AE-2125-4FB5-A147-5B1BAAB782FD} = {827E0CD3-B72D-47B6-A68D-7590B98EB39B}
		{2658058D-54D0-4D0B-B854-D276D1BF8621} = {827E0CD3-B72D-47B6-A68D-7590B98EB39B}
		{59869AE3-79F8-42AD-9FA0-EBF9BED3CAE8} = {827E0CD3-B72D-47B6-A68D-7590B98EB39B}
		{64E4C8BD-20EF-4113-B8E0-D7654C770757} = {827E0CD3-B72D-47B6-A68D-7590B98EB39B}
	EndGlobalSection
EndGlobal
